// !$*UTF8*$!
{
	archiveVersion = 1;
	classes = {
	};
	objectVersion = 50;
	objects = {

/* Begin PBXBuildFile section */
		2B0C386F23195C3500F3CD90 /* AppDelegate.swift in Sources */ = {isa = PBXBuildFile; fileRef = 2B0C386E23195C3500F3CD90 /* AppDelegate.swift */; };
		2B0C387123195C3500F3CD90 /* SceneDelegate.swift in Sources */ = {isa = PBXBuildFile; fileRef = 2B0C387023195C3500F3CD90 /* SceneDelegate.swift */; };
		2B0C387323195C3500F3CD90 /* ContentView.swift in Sources */ = {isa = PBXBuildFile; fileRef = 2B0C387223195C3500F3CD90 /* ContentView.swift */; };
		2B0C387523195C3600F3CD90 /* Assets.xcassets in Resources */ = {isa = PBXBuildFile; fileRef = 2B0C387423195C3600F3CD90 /* Assets.xcassets */; };
		2B0C387823195C3600F3CD90 /* Preview Assets.xcassets in Resources */ = {isa = PBXBuildFile; fileRef = 2B0C387723195C3600F3CD90 /* Preview Assets.xcassets */; };
		2B0C387B23195C3600F3CD90 /* LaunchScreen.storyboard in Resources */ = {isa = PBXBuildFile; fileRef = 2B0C387923195C3600F3CD90 /* LaunchScreen.storyboard */; };
		2B0C388623195C3600F3CD90 /* WaypointTests.swift in Sources */ = {isa = PBXBuildFile; fileRef = 2B0C388523195C3600F3CD90 /* WaypointTests.swift */; };
		2B0C389123195C3600F3CD90 /* WaypointUITests.swift in Sources */ = {isa = PBXBuildFile; fileRef = 2B0C389023195C3600F3CD90 /* WaypointUITests.swift */; };
/* End PBXBuildFile section */

/* Begin PBXContainerItemProxy section */
		2B0C388223195C3600F3CD90 /* PBXContainerItemProxy */ = {
			isa = PBXContainerItemProxy;
			containerPortal = 2B0C386323195C3500F3CD90 /* Project object */;
			proxyType = 1;
			remoteGlobalIDString = 2B0C386A23195C3500F3CD90;
			remoteInfo = Waypoint;
		};
		2B0C388D23195C3600F3CD90 /* PBXContainerItemProxy */ = {
			isa = PBXContainerItemProxy;
			containerPortal = 2B0C386323195C3500F3CD90 /* Project object */;
			proxyType = 1;
			remoteGlobalIDString = 2B0C386A23195C3500F3CD90;
			remoteInfo = Waypoint;
		};
/* End PBXContainerItemProxy section */

/* Begin PBXFileReference section */
		2B0C386B23195C3500F3CD90 /* Waypoint.app */ = {isa = PBXFileReference; explicitFileType = wrapper.application; includeInIndex = 0; path = Waypoint.app; sourceTree = BUILT_PRODUCTS_DIR; };
		2B0C386E23195C3500F3CD90 /* AppDelegate.swift */ = {isa = PBXFileReference; lastKnownFileType = sourcecode.swift; path = AppDelegate.swift; sourceTree = "<group>"; };
		2B0C387023195C3500F3CD90 /* SceneDelegate.swift */ = {isa = PBXFileReference; lastKnownFileType = sourcecode.swift; path = SceneDelegate.swift; sourceTree = "<group>"; };
		2B0C387223195C3500F3CD90 /* ContentView.swift */ = {isa = PBXFileReference; lastKnownFileType = sourcecode.swift; path = ContentView.swift; sourceTree = "<group>"; };
		2B0C387423195C3600F3CD90 /* Assets.xcassets */ = {isa = PBXFileReference; lastKnownFileType = folder.assetcatalog; path = Assets.xcassets; sourceTree = "<group>"; };
		2B0C387723195C3600F3CD90 /* Preview Assets.xcassets */ = {isa = PBXFileReference; lastKnownFileType = folder.assetcatalog; path = "Preview Assets.xcassets"; sourceTree = "<group>"; };
		2B0C387A23195C3600F3CD90 /* Base */ = {isa = PBXFileReference; lastKnownFileType = file.storyboard; name = Base; path = Base.lproj/LaunchScreen.storyboard; sourceTree = "<group>"; };
		2B0C387C23195C3600F3CD90 /* Info.plist */ = {isa = PBXFileReference; lastKnownFileType = text.plist.xml; path = Info.plist; sourceTree = "<group>"; };
		2B0C388123195C3600F3CD90 /* WaypointTests.xctest */ = {isa = PBXFileReference; explicitFileType = wrapper.cfbundle; includeInIndex = 0; path = WaypointTests.xctest; sourceTree = BUILT_PRODUCTS_DIR; };
		2B0C388523195C3600F3CD90 /* WaypointTests.swift */ = {isa = PBXFileReference; lastKnownFileType = sourcecode.swift; path = WaypointTests.swift; sourceTree = "<group>"; };
		2B0C388723195C3600F3CD90 /* Info.plist */ = {isa = PBXFileReference; lastKnownFileType = text.plist.xml; path = Info.plist; sourceTree = "<group>"; };
		2B0C388C23195C3600F3CD90 /* WaypointUITests.xctest */ = {isa = PBXFileReference; explicitFileType = wrapper.cfbundle; includeInIndex = 0; path = WaypointUITests.xctest; sourceTree = BUILT_PRODUCTS_DIR; };
		2B0C389023195C3600F3CD90 /* WaypointUITests.swift */ = {isa = PBXFileReference; lastKnownFileType = sourcecode.swift; path = WaypointUITests.swift; sourceTree = "<group>"; };
		2B0C389223195C3600F3CD90 /* Info.plist */ = {isa = PBXFileReference; lastKnownFileType = text.plist.xml; path = Info.plist; sourceTree = "<group>"; };
/* End PBXFileReference section */

/* Begin PBXFrameworksBuildPhase section */
		2B0C386823195C3500F3CD90 /* Frameworks */ = {
			isa = PBXFrameworksBuildPhase;
			buildActionMask = 2147483647;
			files = (
			);
			runOnlyForDeploymentPostprocessing = 0;
		};
		2B0C387E23195C3600F3CD90 /* Frameworks */ = {
			isa = PBXFrameworksBuildPhase;
			buildActionMask = 2147483647;
			files = (
			);
			runOnlyForDeploymentPostprocessing = 0;
		};
		2B0C388923195C3600F3CD90 /* Frameworks */ = {
			isa = PBXFrameworksBuildPhase;
			buildActionMask = 2147483647;
			files = (
			);
			runOnlyForDeploymentPostprocessing = 0;
		};
/* End PBXFrameworksBuildPhase section */

/* Begin PBXGroup section */
		2B0C386223195C3500F3CD90 = {
			isa = PBXGroup;
			children = (
				2B0C386D23195C3500F3CD90 /* Waypoint */,
				2B0C388423195C3600F3CD90 /* WaypointTests */,
				2B0C388F23195C3600F3CD90 /* WaypointUITests */,
				2B0C386C23195C3500F3CD90 /* Products */,
			);
			sourceTree = "<group>";
		};
		2B0C386C23195C3500F3CD90 /* Products */ = {
			isa = PBXGroup;
			children = (
				2B0C386B23195C3500F3CD90 /* Waypoint.app */,
				2B0C388123195C3600F3CD90 /* WaypointTests.xctest */,
				2B0C388C23195C3600F3CD90 /* WaypointUITests.xctest */,
			);
			name = Products;
			sourceTree = "<group>";
		};
		2B0C386D23195C3500F3CD90 /* Waypoint */ = {
			isa = PBXGroup;
			children = (
				2B0C386E23195C3500F3CD90 /* AppDelegate.swift */,
				2B0C387023195C3500F3CD90 /* SceneDelegate.swift */,
				2B0C387223195C3500F3CD90 /* ContentView.swift */,
				2B0C387423195C3600F3CD90 /* Assets.xcassets */,
				2B0C387923195C3600F3CD90 /* LaunchScreen.storyboard */,
				2B0C387C23195C3600F3CD90 /* Info.plist */,
				2B0C387623195C3600F3CD90 /* Preview Content */,
			);
			path = Waypoint;
			sourceTree = "<group>";
		};
		2B0C387623195C3600F3CD90 /* Preview Content */ = {
			isa = PBXGroup;
			children = (
				2B0C387723195C3600F3CD90 /* Preview Assets.xcassets */,
			);
			path = "Preview Content";
			sourceTree = "<group>";
		};
		2B0C388423195C3600F3CD90 /* WaypointTests */ = {
			isa = PBXGroup;
			children = (
				2B0C388523195C3600F3CD90 /* WaypointTests.swift */,
				2B0C388723195C3600F3CD90 /* Info.plist */,
			);
			path = WaypointTests;
			sourceTree = "<group>";
		};
		2B0C388F23195C3600F3CD90 /* WaypointUITests */ = {
			isa = PBXGroup;
			children = (
				2B0C389023195C3600F3CD90 /* WaypointUITests.swift */,
				2B0C389223195C3600F3CD90 /* Info.plist */,
			);
			path = WaypointUITests;
			sourceTree = "<group>";
		};
/* End PBXGroup section */

/* Begin PBXNativeTarget section */
		2B0C386A23195C3500F3CD90 /* Waypoint */ = {
			isa = PBXNativeTarget;
			buildConfigurationList = 2B0C389523195C3600F3CD90 /* Build configuration list for PBXNativeTarget "Waypoint" */;
			buildPhases = (
				2B0C386723195C3500F3CD90 /* Sources */,
				2B0C386823195C3500F3CD90 /* Frameworks */,
				2B0C386923195C3500F3CD90 /* Resources */,
			);
			buildRules = (
			);
			dependencies = (
			);
			name = Waypoint;
			productName = Waypoint;
			productReference = 2B0C386B23195C3500F3CD90 /* Waypoint.app */;
			productType = "com.apple.product-type.application";
		};
		2B0C388023195C3600F3CD90 /* WaypointTests */ = {
			isa = PBXNativeTarget;
			buildConfigurationList = 2B0C389823195C3600F3CD90 /* Build configuration list for PBXNativeTarget "WaypointTests" */;
			buildPhases = (
				2B0C387D23195C3600F3CD90 /* Sources */,
				2B0C387E23195C3600F3CD90 /* Frameworks */,
				2B0C387F23195C3600F3CD90 /* Resources */,
			);
			buildRules = (
			);
			dependencies = (
				2B0C388323195C3600F3CD90 /* PBXTargetDependency */,
			);
			name = WaypointTests;
			productName = WaypointTests;
			productReference = 2B0C388123195C3600F3CD90 /* WaypointTests.xctest */;
			productType = "com.apple.product-type.bundle.unit-test";
		};
		2B0C388B23195C3600F3CD90 /* WaypointUITests */ = {
			isa = PBXNativeTarget;
			buildConfigurationList = 2B0C389B23195C3600F3CD90 /* Build configuration list for PBXNativeTarget "WaypointUITests" */;
			buildPhases = (
				2B0C388823195C3600F3CD90 /* Sources */,
				2B0C388923195C3600F3CD90 /* Frameworks */,
				2B0C388A23195C3600F3CD90 /* Resources */,
			);
			buildRules = (
			);
			dependencies = (
				2B0C388E23195C3600F3CD90 /* PBXTargetDependency */,
			);
			name = WaypointUITests;
			productName = WaypointUITests;
			productReference = 2B0C388C23195C3600F3CD90 /* WaypointUITests.xctest */;
			productType = "com.apple.product-type.bundle.ui-testing";
		};
/* End PBXNativeTarget section */

/* Begin PBXProject section */
		2B0C386323195C3500F3CD90 /* Project object */ = {
			isa = PBXProject;
			attributes = {
				LastSwiftUpdateCheck = 1100;
				LastUpgradeCheck = 1100;
				ORGANIZATIONNAME = "Edward Bennett";
				TargetAttributes = {
					2B0C386A23195C3500F3CD90 = {
						CreatedOnToolsVersion = 11.0;
					};
					2B0C388023195C3600F3CD90 = {
						CreatedOnToolsVersion = 11.0;
						TestTargetID = 2B0C386A23195C3500F3CD90;
					};
					2B0C388B23195C3600F3CD90 = {
						CreatedOnToolsVersion = 11.0;
						TestTargetID = 2B0C386A23195C3500F3CD90;
					};
				};
			};
			buildConfigurationList = 2B0C386623195C3500F3CD90 /* Build configuration list for PBXProject "Waypoint" */;
			compatibilityVersion = "Xcode 9.3";
			developmentRegion = en;
			hasScannedForEncodings = 0;
			knownRegions = (
				en,
				Base,
			);
			mainGroup = 2B0C386223195C3500F3CD90;
			productRefGroup = 2B0C386C23195C3500F3CD90 /* Products */;
			projectDirPath = "";
			projectRoot = "";
			targets = (
				2B0C386A23195C3500F3CD90 /* Waypoint */,
				2B0C388023195C3600F3CD90 /* WaypointTests */,
				2B0C388B23195C3600F3CD90 /* WaypointUITests */,
			);
		};
/* End PBXProject section */

/* Begin PBXResourcesBuildPhase section */
		2B0C386923195C3500F3CD90 /* Resources */ = {
			isa = PBXResourcesBuildPhase;
			buildActionMask = 2147483647;
			files = (
				2B0C387B23195C3600F3CD90 /* LaunchScreen.storyboard in Resources */,
				2B0C387823195C3600F3CD90 /* Preview Assets.xcassets in Resources */,
				2B0C387523195C3600F3CD90 /* Assets.xcassets in Resources */,
			);
			runOnlyForDeploymentPostprocessing = 0;
		};
		2B0C387F23195C3600F3CD90 /* Resources */ = {
			isa = PBXResourcesBuildPhase;
			buildActionMask = 2147483647;
			files = (
			);
			runOnlyForDeploymentPostprocessing = 0;
		};
		2B0C388A23195C3600F3CD90 /* Resources */ = {
			isa = PBXResourcesBuildPhase;
			buildActionMask = 2147483647;
			files = (
			);
			runOnlyForDeploymentPostprocessing = 0;
		};
/* End PBXResourcesBuildPhase section */

/* Begin PBXSourcesBuildPhase section */
		2B0C386723195C3500F3CD90 /* Sources */ = {
			isa = PBXSourcesBuildPhase;
			buildActionMask = 2147483647;
			files = (
				2B0C386F23195C3500F3CD90 /* AppDelegate.swift in Sources */,
				2B0C387123195C3500F3CD90 /* SceneDelegate.swift in Sources */,
				2B0C387323195C3500F3CD90 /* ContentView.swift in Sources */,
			);
			runOnlyForDeploymentPostprocessing = 0;
		};
		2B0C387D23195C3600F3CD90 /* Sources */ = {
			isa = PBXSourcesBuildPhase;
			buildActionMask = 2147483647;
			files = (
				2B0C388623195C3600F3CD90 /* WaypointTests.swift in Sources */,
			);
			runOnlyForDeploymentPostprocessing = 0;
		};
		2B0C388823195C3600F3CD90 /* Sources */ = {
			isa = PBXSourcesBuildPhase;
			buildActionMask = 2147483647;
			files = (
				2B0C389123195C3600F3CD90 /* WaypointUITests.swift in Sources */,
			);
			runOnlyForDeploymentPostprocessing = 0;
		};
/* End PBXSourcesBuildPhase section */

/* Begin PBXTargetDependency section */
		2B0C388323195C3600F3CD90 /* PBXTargetDependency */ = {
			isa = PBXTargetDependency;
			target = 2B0C386A23195C3500F3CD90 /* Waypoint */;
			targetProxy = 2B0C388223195C3600F3CD90 /* PBXContainerItemProxy */;
		};
		2B0C388E23195C3600F3CD90 /* PBXTargetDependency */ = {
			isa = PBXTargetDependency;
			target = 2B0C386A23195C3500F3CD90 /* Waypoint */;
			targetProxy = 2B0C388D23195C3600F3CD90 /* PBXContainerItemProxy */;
		};
/* End PBXTargetDependency section */

/* Begin PBXVariantGroup section */
		2B0C387923195C3600F3CD90 /* LaunchScreen.storyboard */ = {
			isa = PBXVariantGroup;
			children = (
				2B0C387A23195C3600F3CD90 /* Base */,
			);
			name = LaunchScreen.storyboard;
			sourceTree = "<group>";
		};
/* End PBXVariantGroup section */

/* Begin XCBuildConfiguration section */
		2B0C389323195C3600F3CD90 /* Debug */ = {
			isa = XCBuildConfiguration;
			buildSettings = {
				ALWAYS_SEARCH_USER_PATHS = NO;
				CLANG_ANALYZER_NONNULL = YES;
				CLANG_ANALYZER_NUMBER_OBJECT_CONVERSION = YES_AGGRESSIVE;
				CLANG_CXX_LANGUAGE_STANDARD = "gnu++14";
				CLANG_CXX_LIBRARY = "libc++";
				CLANG_ENABLE_MODULES = YES;
				CLANG_ENABLE_OBJC_ARC = YES;
				CLANG_ENABLE_OBJC_WEAK = YES;
				CLANG_WARN_BLOCK_CAPTURE_AUTORELEASING = YES;
				CLANG_WARN_BOOL_CONVERSION = YES;
				CLANG_WARN_COMMA = YES;
				CLANG_WARN_CONSTANT_CONVERSION = YES;
				CLANG_WARN_DEPRECATED_OBJC_IMPLEMENTATIONS = YES;
				CLANG_WARN_DIRECT_OBJC_ISA_USAGE = YES_ERROR;
				CLANG_WARN_DOCUMENTATION_COMMENTS = YES;
				CLANG_WARN_EMPTY_BODY = YES;
				CLANG_WARN_ENUM_CONVERSION = YES;
				CLANG_WARN_INFINITE_RECURSION = YES;
				CLANG_WARN_INT_CONVERSION = YES;
				CLANG_WARN_NON_LITERAL_NULL_CONVERSION = YES;
				CLANG_WARN_OBJC_IMPLICIT_RETAIN_SELF = YES;
				CLANG_WARN_OBJC_LITERAL_CONVERSION = YES;
				CLANG_WARN_OBJC_ROOT_CLASS = YES_ERROR;
				CLANG_WARN_RANGE_LOOP_ANALYSIS = YES;
				CLANG_WARN_STRICT_PROTOTYPES = YES;
				CLANG_WARN_SUSPICIOUS_MOVE = YES;
				CLANG_WARN_UNGUARDED_AVAILABILITY = YES_AGGRESSIVE;
				CLANG_WARN_UNREACHABLE_CODE = YES;
				CLANG_WARN__DUPLICATE_METHOD_MATCH = YES;
				COPY_PHASE_STRIP = NO;
				DEBUG_INFORMATION_FORMAT = dwarf;
				ENABLE_STRICT_OBJC_MSGSEND = YES;
				ENABLE_TESTABILITY = YES;
				GCC_C_LANGUAGE_STANDARD = gnu11;
				GCC_DYNAMIC_NO_PIC = NO;
				GCC_NO_COMMON_BLOCKS = YES;
				GCC_OPTIMIZATION_LEVEL = 0;
				GCC_PREPROCESSOR_DEFINITIONS = (
					"DEBUG=1",
					"$(inherited)",
				);
				GCC_WARN_64_TO_32_BIT_CONVERSION = YES;
				GCC_WARN_ABOUT_RETURN_TYPE = YES_ERROR;
				GCC_WARN_UNDECLARED_SELECTOR = YES;
				GCC_WARN_UNINITIALIZED_AUTOS = YES_AGGRESSIVE;
				GCC_WARN_UNUSED_FUNCTION = YES;
				GCC_WARN_UNUSED_VARIABLE = YES;
				IPHONEOS_DEPLOYMENT_TARGET = 13.0;
				MTL_ENABLE_DEBUG_INFO = INCLUDE_SOURCE;
				MTL_FAST_MATH = YES;
				ONLY_ACTIVE_ARCH = YES;
				SDKROOT = iphoneos;
				SWIFT_ACTIVE_COMPILATION_CONDITIONS = DEBUG;
				SWIFT_OPTIMIZATION_LEVEL = "-Onone";
			};
			name = Debug;
		};
		2B0C389423195C3600F3CD90 /* Release */ = {
			isa = XCBuildConfiguration;
			buildSettings = {
				ALWAYS_SEARCH_USER_PATHS = NO;
				CLANG_ANALYZER_NONNULL = YES;
				CLANG_ANALYZER_NUMBER_OBJECT_CONVERSION = YES_AGGRESSIVE;
				CLANG_CXX_LANGUAGE_STANDARD = "gnu++14";
				CLANG_CXX_LIBRARY = "libc++";
				CLANG_ENABLE_MODULES = YES;
				CLANG_ENABLE_OBJC_ARC = YES;
				CLANG_ENABLE_OBJC_WEAK = YES;
				CLANG_WARN_BLOCK_CAPTURE_AUTORELEASING = YES;
				CLANG_WARN_BOOL_CONVERSION = YES;
				CLANG_WARN_COMMA = YES;
				CLANG_WARN_CONSTANT_CONVERSION = YES;
				CLANG_WARN_DEPRECATED_OBJC_IMPLEMENTATIONS = YES;
				CLANG_WARN_DIRECT_OBJC_ISA_USAGE = YES_ERROR;
				CLANG_WARN_DOCUMENTATION_COMMENTS = YES;
				CLANG_WARN_EMPTY_BODY = YES;
				CLANG_WARN_ENUM_CONVERSION = YES;
				CLANG_WARN_INFINITE_RECURSION = YES;
				CLANG_WARN_INT_CONVERSION = YES;
				CLANG_WARN_NON_LITERAL_NULL_CONVERSION = YES;
				CLANG_WARN_OBJC_IMPLICIT_RETAIN_SELF = YES;
				CLANG_WARN_OBJC_LITERAL_CONVERSION = YES;
				CLANG_WARN_OBJC_ROOT_CLASS = YES_ERROR;
				CLANG_WARN_RANGE_LOOP_ANALYSIS = YES;
				CLANG_WARN_STRICT_PROTOTYPES = YES;
				CLANG_WARN_SUSPICIOUS_MOVE = YES;
				CLANG_WARN_UNGUARDED_AVAILABILITY = YES_AGGRESSIVE;
				CLANG_WARN_UNREACHABLE_CODE = YES;
				CLANG_WARN__DUPLICATE_METHOD_MATCH = YES;
				COPY_PHASE_STRIP = NO;
				DEBUG_INFORMATION_FORMAT = "dwarf-with-dsym";
				ENABLE_NS_ASSERTIONS = NO;
				ENABLE_STRICT_OBJC_MSGSEND = YES;
				GCC_C_LANGUAGE_STANDARD = gnu11;
				GCC_NO_COMMON_BLOCKS = YES;
				GCC_WARN_64_TO_32_BIT_CONVERSION = YES;
				GCC_WARN_ABOUT_RETURN_TYPE = YES_ERROR;
				GCC_WARN_UNDECLARED_SELECTOR = YES;
				GCC_WARN_UNINITIALIZED_AUTOS = YES_AGGRESSIVE;
				GCC_WARN_UNUSED_FUNCTION = YES;
				GCC_WARN_UNUSED_VARIABLE = YES;
				IPHONEOS_DEPLOYMENT_TARGET = 13.0;
				MTL_ENABLE_DEBUG_INFO = NO;
				MTL_FAST_MATH = YES;
				SDKROOT = iphoneos;
				SWIFT_COMPILATION_MODE = wholemodule;
				SWIFT_OPTIMIZATION_LEVEL = "-O";
				VALIDATE_PRODUCT = YES;
			};
			name = Release;
		};
		2B0C389623195C3600F3CD90 /* Debug */ = {
			isa = XCBuildConfiguration;
			buildSettings = {
				ASSETCATALOG_COMPILER_APPICON_NAME = AppIcon;
				CODE_SIGN_STYLE = Automatic;
				DEVELOPMENT_ASSET_PATHS = "Waypoint/Preview\\ Content";
				ENABLE_PREVIEWS = YES;
				INFOPLIST_FILE = Waypoint/Info.plist;
				LD_RUNPATH_SEARCH_PATHS = (
					"$(inherited)",
					"@executable_path/Frameworks",
				);
				PRODUCT_BUNDLE_IDENTIFIER = com.tzube.Waypoint;
				PRODUCT_NAME = "$(TARGET_NAME)";
				SWIFT_VERSION = 5.0;
				TARGETED_DEVICE_FAMILY = "1,2";
			};
			name = Debug;
		};
		2B0C389723195C3600F3CD90 /* Release */ = {
			isa = XCBuildConfiguration;
			buildSettings = {
				ASSETCATALOG_COMPILER_APPICON_NAME = AppIcon;
				CODE_SIGN_STYLE = Automatic;
				DEVELOPMENT_ASSET_PATHS = "Waypoint/Preview\\ Content";
				ENABLE_PREVIEWS = YES;
				INFOPLIST_FILE = Waypoint/Info.plist;
				LD_RUNPATH_SEARCH_PATHS = (
					"$(inherited)",
					"@executable_path/Frameworks",
				);
				PRODUCT_BUNDLE_IDENTIFIER = com.tzube.Waypoint;
				PRODUCT_NAME = "$(TARGET_NAME)";
				SWIFT_VERSION = 5.0;
				TARGETED_DEVICE_FAMILY = "1,2";
			};
			name = Release;
		};
		2B0C389923195C3600F3CD90 /* Debug */ = {
			isa = XCBuildConfiguration;
			buildSettings = {
				ALWAYS_EMBED_SWIFT_STANDARD_LIBRARIES = YES;
				BUNDLE_LOADER = "$(TEST_HOST)";
				CODE_SIGN_STYLE = Automatic;
				INFOPLIST_FILE = WaypointTests/Info.plist;
				LD_RUNPATH_SEARCH_PATHS = (
					"$(inherited)",
					"@executable_path/Frameworks",
					"@loader_path/Frameworks",
				);
				PRODUCT_BUNDLE_IDENTIFIER = com.tzube.WaypointTests;
				PRODUCT_NAME = "$(TARGET_NAME)";
				SWIFT_VERSION = 5.0;
				TARGETED_DEVICE_FAMILY = "1,2";
				TEST_HOST = "$(BUILT_PRODUCTS_DIR)/Waypoint.app/Waypoint";
			};
			name = Debug;
		};
		2B0C389A23195C3600F3CD90 /* Release */ = {
			isa = XCBuildConfiguration;
			buildSettings = {
				ALWAYS_EMBED_SWIFT_STANDARD_LIBRARIES = YES;
				BUNDLE_LOADER = "$(TEST_HOST)";
				CODE_SIGN_STYLE = Automatic;
				INFOPLIST_FILE = WaypointTests/Info.plist;
				LD_RUNPATH_SEARCH_PATHS = (
					"$(inherited)",
					"@executable_path/Frameworks",
					"@loader_path/Frameworks",
				);
				PRODUCT_BUNDLE_IDENTIFIER = com.tzube.WaypointTests;
				PRODUCT_NAME = "$(TARGET_NAME)";
				SWIFT_VERSION = 5.0;
				TARGETED_DEVICE_FAMILY = "1,2";
				TEST_HOST = "$(BUILT_PRODUCTS_DIR)/Waypoint.app/Waypoint";
			};
			name = Release;
		};
		2B0C389C23195C3600F3CD90 /* Debug */ = {
			isa = XCBuildConfiguration;
			buildSettings = {
				ALWAYS_EMBED_SWIFT_STANDARD_LIBRARIES = YES;
				CODE_SIGN_STYLE = Automatic;
				INFOPLIST_FILE = WaypointUITests/Info.plist;
				LD_RUNPATH_SEARCH_PATHS = (
					"$(inherited)",
					"@executable_path/Frameworks",
					"@loader_path/Frameworks",
				);
				PRODUCT_BUNDLE_IDENTIFIER = com.tzube.WaypointUITests;
				PRODUCT_NAME = "$(TARGET_NAME)";
				SWIFT_VERSION = 5.0;
				TARGETED_DEVICE_FAMILY = "1,2";
				TEST_TARGET_NAME = Waypoint;
			};
			name = Debug;
		};
		2B0C389D23195C3600F3CD90 /* Release */ = {
			isa = XCBuildConfiguration;
			buildSettings = {
				ALWAYS_EMBED_SWIFT_STANDARD_LIBRARIES = YES;
				CODE_SIGN_STYLE = Automatic;
				INFOPLIST_FILE = WaypointUITests/Info.plist;
				LD_RUNPATH_SEARCH_PATHS = (
					"$(inherited)",
					"@executable_path/Frameworks",
					"@loader_path/Frameworks",
				);
				PRODUCT_BUNDLE_IDENTIFIER = com.tzube.WaypointUITests;
				PRODUCT_NAME = "$(TARGET_NAME)";
				SWIFT_VERSION = 5.0;
				TARGETED_DEVICE_FAMILY = "1,2";
				TEST_TARGET_NAME = Waypoint;
			};
			name = Release;
		};
/* End XCBuildConfiguration section */

/* Begin XCConfigurationList section */
		2B0C386623195C3500F3CD90 /* Build configuration list for PBXProject "Waypoint" */ = {
			isa = XCConfigurationList;
			buildConfigurations = (
				2B0C389323195C3600F3CD90 /* Debug */,
				2B0C389423195C3600F3CD90 /* Release */,
			);
			defaultConfigurationIsVisible = 0;
			defaultConfigurationName = Release;
		};
		2B0C389523195C3600F3CD90 /* Build configuration list for PBXNativeTarget "Waypoint" */ = {
			isa = XCConfigurationList;
			buildConfigurations = (
				2B0C389623195C3600F3CD90 /* Debug */,
				2B0C389723195C3600F3CD90 /* Release */,
			);
			defaultConfigurationIsVisible = 0;
			defaultConfigurationName = Release;
		};
		2B0C389823195C3600F3CD90 /* Build configuration list for PBXNativeTarget "WaypointTests" */ = {
			isa = XCConfigurationList;
			buildConfigurations = (
				2B0C389923195C3600F3CD90 /* Debug */,
				2B0C389A23195C3600F3CD90 /* Release */,
			);
			defaultConfigurationIsVisible = 0;
			defaultConfigurationName = Release;
		};
		2B0C389B23195C3600F3CD90 /* Build configuration list for PBXNativeTarget "WaypointUITests" */ = {
			isa = XCConfigurationList;
			buildConfigurations = (
				2B0C389C23195C3600F3CD90 /* Debug */,
				2B0C389D23195C3600F3CD90 /* Release */,
			);
			defaultConfigurationIsVisible = 0;
			defaultConfigurationName = Release;
		};
/* End XCConfigurationList section */
	};
	rootObject = 2B0C386323195C3500F3CD90 /* Project object */;
}
